{
  "archiveVersion": "1",
  "classes": {},
  "objectVersion": "56",
  "objects": {
    "CEA2BF2E5322440199839E09": {
      "isa": "PBXBuildFile",
      "fileRef": "50E3AA80674E48AAA29F1D59"
    },
    "42C018C4E4C445C48A4D88A5": {
      "isa": "PBXBuildFile",
      "fileRef": "91E5BFC4842740878970D4A4"
    },
    "11CC2B7E8F94463A9679FC4D": {
      "isa": "PBXBuildFile",
      "fileRef": "43CC0C9BC24E448097055355"
    },
    "45FDBD762B6B479B99F26091": {
      "isa": "PBXBuildFile",
      "fileRef": "EDF3137F4A994881A5E6E669"
    },
    "110F82A52708421E909C2AB6": {
      "isa": "PBXBuildFile",
      "fileRef": "697DF0AA70C84C3A8868E99F"
    },
    "532A05C46F004E0999953069": {
      "isa": "PBXBuildFile",
      "fileRef": "B8785E377E4D443291922810"
    },
    "79374F761F20460181D8A388": {
      "isa": "PBXBuildFile",
      "fileRef": "A1143471094944D9AFF43E2B"
    },
    "D85BB0094F514A11962F8B58": {
      "isa": "PBXBuildFile",
      "fileRef": "3E0F5FC043CC4E27842F13AD"
    },
    "D59BE7A4E7AE49E89D8396F4": {
      "isa": "PBXBuildFile",
      "fileRef": "A4F4CA9246B243A9988A29C6"
    },
    "0231A20E9B4A4F4282A386C2": {
      "isa": "PBXBuildFile",
      "fileRef": "8D186ED61BC84EADA2B63E1E"
    },
    "BFB2C38CC6EF467C9C4BF3AF": {
      "isa": "PBXBuildFile",
      "fileRef": "97CBEFFE44154F7A84927A42"
    },
    "4CF7C3284B3F469691ECBB44": {
      "isa": "PBXBuildFile",
      "fileRef": "408E9ABC100346D9813E1B19"
    },
    "4D27BBA080D549668D78A83A": {
      "isa": "PBXBuildFile",
      "fileRef": "7FF43C8770DF4254BD0A69FA"
    },
    "FE0F6166EB6649E2951CC530": {
      "isa": "PBXBuildFile",
      "fileRef": "55975EFC482C47229AFB7EF2"
    },
    "50E3AA80674E48AAA29F1D59": {
      "isa": "PBXFileReference",
      "lastKnownFileType": "sourcecode.swift",
      "path": "ContentView.swift",
      "sourceTree": "<group>"
    },
    "91E5BFC4842740878970D4A4": {
      "isa": "PBXFileReference",
      "lastKnownFileType": "sourcecode.swift",
      "path": "HearthstoneTrackerApp.swift",
      "sourceTree": "<group>"
    },
    "43CC0C9BC24E448097055355": {
      "isa": "PBXFileReference",
      "lastKnownFileType": "sourcecode.swift",
      "path": "Models/CardModels.swift",
      "sourceTree": "<group>"
    },
    "EDF3137F4A994881A5E6E669": {
      "isa": "PBXFileReference",
      "lastKnownFileType": "sourcecode.swift",
      "path": "Services/CardDataService.swift",
      "sourceTree": "<group>"
    },
    "697DF0AA70C84C3A8868E99F": {
      "isa": "PBXFileReference",
      "lastKnownFileType": "sourcecode.swift",
      "path": "Services/CardImageLoader.swift",
      "sourceTree": "<group>"
    },
    "B8785E377E4D443291922810": {
      "isa": "PBXFileReference",
      "lastKnownFileType": "sourcecode.swift",
      "path": "Services/OCRService.swift",
      "sourceTree": "<group>"
    },
    "A1143471094944D9AFF43E2B": {
      "isa": "PBXFileReference",
      "lastKnownFileType": "sourcecode.swift",
      "path": "Services/TrackingService.swift",
      "sourceTree": "<group>"
    },
    "3E0F5FC043CC4E27842F13AD": {
      "isa": "PBXFileReference",
      "lastKnownFileType": "sourcecode.swift",
      "path": "Utilities/Constants.swift",
      "sourceTree": "<group>"
    },
    "A4F4CA9246B243A9988A29C6": {
      "isa": "PBXFileReference",
      "lastKnownFileType": "sourcecode.swift",
      "path": "Utilities/DeckCodeParser.swift",
      "sourceTree": "<group>"
    },
    "8D186ED61BC84EADA2B63E1E": {
      "isa": "PBXFileReference",
      "lastKnownFileType": "sourcecode.swift",
      "path": "Views/DeckDetailView.swift",
      "sourceTree": "<group>"
    },
    "97CBEFFE44154F7A84927A42": {
      "isa": "PBXFileReference",
      "lastKnownFileType": "sourcecode.swift",
      "path": "Views/DeckLibraryView.swift",
      "sourceTree": "<group>"
    },
    "408E9ABC100346D9813E1B19": {
      "isa": "PBXFileReference",
      "lastKnownFileType": "sourcecode.swift",
      "path": "Views/LiveMatchView.swift",
      "sourceTree": "<group>"
    },
    "7FF43C8770DF4254BD0A69FA": {
      "isa": "PBXFileReference",
      "lastKnownFileType": "sourcecode.swift",
      "path": "Views/SettingsView.swift",
      "sourceTree": "<group>"
    },
    "55975EFC482C47229AFB7EF2": {
      "isa": "PBXFileReference",
      "lastKnownFileType": "sourcecode.swift",
      "path": "Views/StatsView.swift",
      "sourceTree": "<group>"
    },
    "277351859ED94FDABD686BB9": {
      "isa": "PBXFileReference",
      "lastKnownFileType": "text.plist.xml",
      "path": "Info.plist",
      "sourceTree": "<group>"
    },
    "4F8A36C253AA40AD8B84B481": {
      "isa": "PBXFileReference",
      "explicitFileType": "wrapper.application",
      "includeInIndex": 0,
      "path": "HearthstoneTracker.app",
      "sourceTree": "BUILT_PRODUCTS_DIR"
    },
    "CF0948FB29AC4A82B50D55F8": {
      "isa": "PBXGroup",
      "children": [
        "50E3AA80674E48AAA29F1D59",
        "91E5BFC4842740878970D4A4",
        "43CC0C9BC24E448097055355",
        "EDF3137F4A994881A5E6E669",
        "697DF0AA70C84C3A8868E99F",
        "B8785E377E4D443291922810",
        "A1143471094944D9AFF43E2B",
        "3E0F5FC043CC4E27842F13AD",
        "A4F4CA9246B243A9988A29C6",
        "8D186ED61BC84EADA2B63E1E",
        "97CBEFFE44154F7A84927A42",
        "408E9ABC100346D9813E1B19",
        "7FF43C8770DF4254BD0A69FA",
        "55975EFC482C47229AFB7EF2",
        "277351859ED94FDABD686BB9",
        "4F8A36C253AA40AD8B84B481"
      ],
      "path": "HearthstoneTracker-iOS",
      "sourceTree": "<group>"
    },
    "5357512E81414C9D88E86E71": {
      "isa": "PBXGroup",
      "children": [
        "CF0948FB29AC4A82B50D55F8"
      ],
      "sourceTree": "<group>"
    },
    "6CB08586CA9E4CFEAF901B31": {
      "isa": "PBXSourcesBuildPhase",
      "buildActionMask": "2147483647",
      "files": [
        "CEA2BF2E5322440199839E09",
        "42C018C4E4C445C48A4D88A5",
        "11CC2B7E8F94463A9679FC4D",
        "45FDBD762B6B479B99F26091",
        "110F82A52708421E909C2AB6",
        "532A05C46F004E0999953069",
        "79374F761F20460181D8A388",
        "D85BB0094F514A11962F8B58",
        "D59BE7A4E7AE49E89D8396F4",
        "0231A20E9B4A4F4282A386C2",
        "BFB2C38CC6EF467C9C4BF3AF",
        "4CF7C3284B3F469691ECBB44",
        "4D27BBA080D549668D78A83A",
        "FE0F6166EB6649E2951CC530"
      ],
      "runOnlyForDeploymentPostprocessing": 0
    },
    "6651D5D259384FB3A0EA0B34": {
      "isa": "PBXResourcesBuildPhase",
      "buildActionMask": "2147483647",
      "files": [],
      "runOnlyForDeploymentPostprocessing": 0
    },
    "05A5BA1342374586927943FE": {
      "isa": "PBXNativeTarget",
      "buildConfigurationList": "0E21134A45B946F88ACF7A62",
      "buildPhases": [
        "6CB08586CA9E4CFEAF901B31",
        "6651D5D259384FB3A0EA0B34"
      ],
      "buildRules": [],
      "dependencies": [],
      "name": "HearthstoneTracker",
      "productName": "HearthstoneTracker",
      "productReference": "4F8A36C253AA40AD8B84B481",
      "productType": "com.apple.product-type.application"
    },
    "39FB20945D4C43F0B4EBEADA": {
      "isa": "XCBuildConfiguration",
      "buildSettings": {
        "ALWAYS_SEARCH_USER_PATHS": "NO",
        "CLANG_ENABLE_MODULES": "YES",
        "IPHONEOS_DEPLOYMENT_TARGET": "17.0",
        "SDKROOT": "iphoneos",
        "SUPPORTED_PLATFORMS": "iphonesimulator iphoneos",
        "TARGETED_DEVICE_FAMILY": "1,2",
        "SWIFT_VERSION": "5.0",
        "PRODUCT_BUNDLE_IDENTIFIER": "com.hearthstonetracker.ios",
        "PRODUCT_NAME": "$(TARGET_NAME)",
        "LD_RUNPATH_SEARCH_PATHS": "$(inherited) @executable_path/Frameworks",
        "INFOPLIST_FILE": "HearthstoneTracker-iOS/Info.plist",
        "CODE_SIGN_STYLE": "Automatic",
        "CODE_SIGN_IDENTITY": "Apple Development",
        "CODE_SIGNING_REQUIRED": "NO",
        "CODE_SIGNING_ALLOWED": "NO",
        "SWIFT_ACTIVE_COMPILATION_CONDITIONS": "DEBUG"
      },
      "name": "Debug"
    },
    "A81F53127732439DA432FE9D": {
      "isa": "XCBuildConfiguration",
      "buildSettings": {
        "ALWAYS_SEARCH_USER_PATHS": "NO",
        "CLANG_ENABLE_MODULES": "YES",
        "IPHONEOS_DEPLOYMENT_TARGET": "17.0",
        "SDKROOT": "iphoneos",
        "SUPPORTED_PLATFORMS": "iphonesimulator iphoneos",
        "TARGETED_DEVICE_FAMILY": "1,2",
        "SWIFT_VERSION": "5.0",
        "PRODUCT_BUNDLE_IDENTIFIER": "com.hearthstonetracker.ios",
        "PRODUCT_NAME": "$(TARGET_NAME)",
        "LD_RUNPATH_SEARCH_PATHS": "$(inherited) @executable_path/Frameworks",
        "INFOPLIST_FILE": "HearthstoneTracker-iOS/Info.plist",
        "CODE_SIGN_STYLE": "Automatic",
        "CODE_SIGN_IDENTITY": "Apple Development",
        "CODE_SIGNING_REQUIRED": "NO",
        "CODE_SIGNING_ALLOWED": "NO"
      },
      "name": "Release"
    },
    "19678CCB4C1647CD9A1FDE25": {
      "isa": "XCBuildConfiguration",
      "buildSettings": {
        "ASSETCATALOG_COMPILER_APPICON_NAME": "AppIcon",
        "ASSETCATALOG_COMPILER_GLOBAL_ACCENT_COLOR_NAME": "AccentColor",
        "CODE_SIGN_STYLE": "Automatic",
        "CODE_SIGN_IDENTITY": "Apple Development",
        "CODE_SIGNING_REQUIRED": "NO",
        "CODE_SIGNING_ALLOWED": "NO",
        "CURRENT_PROJECT_VERSION": "1",
        "GENERATE_INFOPLIST_FILE": "NO",
        "INFOPLIST_FILE": "HearthstoneTracker-iOS/Info.plist",
        "IPHONEOS_DEPLOYMENT_TARGET": "17.0",
        "LD_RUNPATH_SEARCH_PATHS": "$(inherited) @executable_path/Frameworks",
        "MARKETING_VERSION": "1.0.0",
        "PRODUCT_BUNDLE_IDENTIFIER": "com.hearthstonetracker.ios",
        "PRODUCT_NAME": "$(TARGET_NAME)",
        "SDKROOT": "iphoneos",
        "SUPPORTED_PLATFORMS": "iphonesimulator iphoneos",
        "SWIFT_VERSION": "5.0",
        "TARGETED_DEVICE_FAMILY": "1,2",
        "SWIFT_ACTIVE_COMPILATION_CONDITIONS": "DEBUG"
      },
      "name": "Debug"
    },
    "4426C96D31414FB8BD33EDA8": {
      "isa": "XCBuildConfiguration",
      "buildSettings": {
        "ASSETCATALOG_COMPILER_APPICON_NAME": "AppIcon",
        "ASSETCATALOG_COMPILER_GLOBAL_ACCENT_COLOR_NAME": "AccentColor",
        "CODE_SIGN_STYLE": "Automatic",
        "CODE_SIGN_IDENTITY": "Apple Development",
        "CODE_SIGNING_REQUIRED": "NO",
        "CODE_SIGNING_ALLOWED": "NO",
        "CURRENT_PROJECT_VERSION": "1",
        "GENERATE_INFOPLIST_FILE": "NO",
        "INFOPLIST_FILE": "HearthstoneTracker-iOS/Info.plist",
        "IPHONEOS_DEPLOYMENT_TARGET": "17.0",
        "LD_RUNPATH_SEARCH_PATHS": "$(inherited) @executable_path/Frameworks",
        "MARKETING_VERSION": "1.0.0",
        "PRODUCT_BUNDLE_IDENTIFIER": "com.hearthstonetracker.ios",
        "PRODUCT_NAME": "$(TARGET_NAME)",
        "SDKROOT": "iphoneos",
        "SUPPORTED_PLATFORMS": "iphonesimulator iphoneos",
        "SWIFT_VERSION": "5.0",
        "TARGETED_DEVICE_FAMILY": "1,2"
      },
      "name": "Release"
    },
    "61908C1FEE9E4C978A137941": {
      "isa": "XCConfigurationList",
      "buildConfigurations": [
        "39FB20945D4C43F0B4EBEADA",
        "A81F53127732439DA432FE9D"
      ],
      "defaultConfigurationIsVisible": 0,
      "defaultConfigurationName": "Release"
    },
    "0E21134A45B946F88ACF7A62": {
      "isa": "XCConfigurationList",
      "buildConfigurations": [
        "19678CCB4C1647CD9A1FDE25",
        "4426C96D31414FB8BD33EDA8"
      ],
      "defaultConfigurationIsVisible": 0,
      "defaultConfigurationName": "Release"
    },
    "90E92533CC624FEDB228E9BE": {
      "isa": "PBXProject",
      "attributes": {
        "BuildIndependentTargetsInParallel": 1,
        "LastSwiftUpdateCheck": 2605,
        "LastUpgradeCheck": 2605
      },
      "buildConfigurationList": "61908C1FEE9E4C978A137941",
      "compatibilityVersion": "Xcode 14.0",
      "developmentRegion": "zh-Hans",
      "hasScannedForEncodings": 0,
      "knownRegions": [
        "zh-Hans",
        "en",
        "Base"
      ],
      "mainGroup": "5357512E81414C9D88E86E71",
      "productRefGroup": "CF0948FB29AC4A82B50D55F8",
      "projectDirPath": "",
      "projectRoot": "",
      "targets": [
        "05A5BA1342374586927943FE"
      ]
    }
  },
  "rootObject": "90E92533CC624FEDB228E9BE"
}