// !$*UTF8*$!
{
	archiveVersion = 1;
	classes = {
	};
	objectVersion = 56;
	objects = {
		12C95E22476849B9847B4EBD /* ContentView.swift in Sources */ = {
			isa = PBXBuildFile;
			fileRef = 9FD85658FDCB4641B3A2D2C0 /* ContentView.swift */;
		};
		21EC5C69729B4218AC3381FC /* HearthstoneTrackerApp.swift in Sources */ = {
			isa = PBXBuildFile;
			fileRef = 4BBB54D2A701436391E8126D /* HearthstoneTrackerApp.swift */;
		};
		AFBFFB533B894A70950A870B /* CardModels.swift in Sources */ = {
			isa = PBXBuildFile;
			fileRef = B30E18C0A4D24F02A2B3305B /* CardModels.swift */;
		};
		90A82B7777D141FE83B03637 /* CardDataService.swift in Sources */ = {
			isa = PBXBuildFile;
			fileRef = A1BA2EDDE0E24CB0BE5C87F0 /* CardDataService.swift */;
		};
		BED8168B79E4406E917860FE /* CardImageLoader.swift in Sources */ = {
			isa = PBXBuildFile;
			fileRef = 5D32B012B0EA4FDEAAA3A2E7 /* CardImageLoader.swift */;
		};
		5B277B5F20A94388BEFC3DCF /* OCRService.swift in Sources */ = {
			isa = PBXBuildFile;
			fileRef = 5DC5B915FBEF415E8A35BA5D /* OCRService.swift */;
		};
		B3419C6CE7E64B18BCE5061B /* TrackingService.swift in Sources */ = {
			isa = PBXBuildFile;
			fileRef = 907EC72AD60B4FE3A2EBF9DC /* TrackingService.swift */;
		};
		7508AF18CFF944EB9C723A36 /* Constants.swift in Sources */ = {
			isa = PBXBuildFile;
			fileRef = BDD48997D6D941768CFD4954 /* Constants.swift */;
		};
		FCEC830B063746BABF77492B /* DeckCodeParser.swift in Sources */ = {
			isa = PBXBuildFile;
			fileRef = 76953C0B956045F8B1334AC1 /* DeckCodeParser.swift */;
		};
		4D30336E5E9C4F299FCC22E9 /* DeckDetailView.swift in Sources */ = {
			isa = PBXBuildFile;
			fileRef = A93BA92F68524942A53913D6 /* DeckDetailView.swift */;
		};
		F2155CD7F2784EEBAA72E7B2 /* DeckLibraryView.swift in Sources */ = {
			isa = PBXBuildFile;
			fileRef = EE199AC7FC63469498370281 /* DeckLibraryView.swift */;
		};
		2AA4C9E9DC33408298FC4574 /* LiveMatchView.swift in Sources */ = {
			isa = PBXBuildFile;
			fileRef = 96419A7A8B444DC78E1B792C /* LiveMatchView.swift */;
		};
		A42CC201C7BE42EC86D73050 /* SettingsView.swift in Sources */ = {
			isa = PBXBuildFile;
			fileRef = FDA7248CC11342C0B3DDAE0A /* SettingsView.swift */;
		};
		18ACC328009C4D18B16B522C /* StatsView.swift in Sources */ = {
			isa = PBXBuildFile;
			fileRef = A358E66775884C05B95EBD97 /* StatsView.swift */;
		};
		9FD85658FDCB4641B3A2D2C0 /* ContentView.swift */ = {
			isa = PBXFileReference;
			lastKnownFileType = sourcecode.swift;
			path = ContentView.swift;
			sourceTree = "<group>";
		};
		4BBB54D2A701436391E8126D /* HearthstoneTrackerApp.swift */ = {
			isa = PBXFileReference;
			lastKnownFileType = sourcecode.swift;
			path = HearthstoneTrackerApp.swift;
			sourceTree = "<group>";
		};
		B30E18C0A4D24F02A2B3305B /* CardModels.swift */ = {
			isa = PBXFileReference;
			lastKnownFileType = sourcecode.swift;
			path = Models/CardModels.swift;
			sourceTree = "<group>";
		};
		A1BA2EDDE0E24CB0BE5C87F0 /* CardDataService.swift */ = {
			isa = PBXFileReference;
			lastKnownFileType = sourcecode.swift;
			path = Services/CardDataService.swift;
			sourceTree = "<group>";
		};
		5D32B012B0EA4FDEAAA3A2E7 /* CardImageLoader.swift */ = {
			isa = PBXFileReference;
			lastKnownFileType = sourcecode.swift;
			path = Services/CardImageLoader.swift;
			sourceTree = "<group>";
		};
		5DC5B915FBEF415E8A35BA5D /* OCRService.swift */ = {
			isa = PBXFileReference;
			lastKnownFileType = sourcecode.swift;
			path = Services/OCRService.swift;
			sourceTree = "<group>";
		};
		907EC72AD60B4FE3A2EBF9DC /* TrackingService.swift */ = {
			isa = PBXFileReference;
			lastKnownFileType = sourcecode.swift;
			path = Services/TrackingService.swift;
			sourceTree = "<group>";
		};
		BDD48997D6D941768CFD4954 /* Constants.swift */ = {
			isa = PBXFileReference;
			lastKnownFileType = sourcecode.swift;
			path = Utilities/Constants.swift;
			sourceTree = "<group>";
		};
		76953C0B956045F8B1334AC1 /* DeckCodeParser.swift */ = {
			isa = PBXFileReference;
			lastKnownFileType = sourcecode.swift;
			path = Utilities/DeckCodeParser.swift;
			sourceTree = "<group>";
		};
		A93BA92F68524942A53913D6 /* DeckDetailView.swift */ = {
			isa = PBXFileReference;
			lastKnownFileType = sourcecode.swift;
			path = Views/DeckDetailView.swift;
			sourceTree = "<group>";
		};
		EE199AC7FC63469498370281 /* DeckLibraryView.swift */ = {
			isa = PBXFileReference;
			lastKnownFileType = sourcecode.swift;
			path = Views/DeckLibraryView.swift;
			sourceTree = "<group>";
		};
		96419A7A8B444DC78E1B792C /* LiveMatchView.swift */ = {
			isa = PBXFileReference;
			lastKnownFileType = sourcecode.swift;
			path = Views/LiveMatchView.swift;
			sourceTree = "<group>";
		};
		FDA7248CC11342C0B3DDAE0A /* SettingsView.swift */ = {
			isa = PBXFileReference;
			lastKnownFileType = sourcecode.swift;
			path = Views/SettingsView.swift;
			sourceTree = "<group>";
		};
		A358E66775884C05B95EBD97 /* StatsView.swift */ = {
			isa = PBXFileReference;
			lastKnownFileType = sourcecode.swift;
			path = Views/StatsView.swift;
			sourceTree = "<group>";
		};
		A12EFCF3510E46C0A5D6B53B /* Info.plist */ = {
			isa = PBXFileReference;
			lastKnownFileType = text.plist.xml;
			path = Info.plist;
			sourceTree = "<group>";
		};
		BEB9DC8B32D647AD8E668E9F /* HearthstoneTracker.app */ = {
			isa = PBXFileReference;
			explicitFileType = wrapper.application;
			includeInIndex = 0;
			path = HearthstoneTracker.app;
			sourceTree = BUILT_PRODUCTS_DIR;
		};
		362A2B0EAF404E6AA50DC236 = {
			isa = PBXGroup;
			children = (
				9FD85658FDCB4641B3A2D2C0 /* ContentView.swift */,
				4BBB54D2A701436391E8126D /* HearthstoneTrackerApp.swift */,
				B30E18C0A4D24F02A2B3305B /* CardModels.swift */,
				A1BA2EDDE0E24CB0BE5C87F0 /* CardDataService.swift */,
				5D32B012B0EA4FDEAAA3A2E7 /* CardImageLoader.swift */,
				5DC5B915FBEF415E8A35BA5D /* OCRService.swift */,
				907EC72AD60B4FE3A2EBF9DC /* TrackingService.swift */,
				BDD48997D6D941768CFD4954 /* Constants.swift */,
				76953C0B956045F8B1334AC1 /* DeckCodeParser.swift */,
				A93BA92F68524942A53913D6 /* DeckDetailView.swift */,
				EE199AC7FC63469498370281 /* DeckLibraryView.swift */,
				96419A7A8B444DC78E1B792C /* LiveMatchView.swift */,
				FDA7248CC11342C0B3DDAE0A /* SettingsView.swift */,
				A358E66775884C05B95EBD97 /* StatsView.swift */,
				A12EFCF3510E46C0A5D6B53B /* Info.plist */,
				BEB9DC8B32D647AD8E668E9F /* HearthstoneTracker.app */,
			);
			path = HearthstoneTracker-iOS;
			sourceTree = "<group>";
		};
		73BF87B782D840DFBBA513CA = {
			isa = PBXGroup;
			children = (
				362A2B0EAF404E6AA50DC236 /* HearthstoneTracker-iOS */,
			);
			sourceTree = "<group>";
		};
		5ABD2992F4C64BE8B514A6BA /* Sources */ = {
			isa = PBXSourcesBuildPhase;
			buildActionMask = 2147483647;
			files = (
				12C95E22476849B9847B4EBD /* ContentView.swift in Sources */,
				21EC5C69729B4218AC3381FC /* HearthstoneTrackerApp.swift in Sources */,
				AFBFFB533B894A70950A870B /* CardModels.swift in Sources */,
				90A82B7777D141FE83B03637 /* CardDataService.swift in Sources */,
				BED8168B79E4406E917860FE /* CardImageLoader.swift in Sources */,
				5B277B5F20A94388BEFC3DCF /* OCRService.swift in Sources */,
				B3419C6CE7E64B18BCE5061B /* TrackingService.swift in Sources */,
				7508AF18CFF944EB9C723A36 /* Constants.swift in Sources */,
				FCEC830B063746BABF77492B /* DeckCodeParser.swift in Sources */,
				4D30336E5E9C4F299FCC22E9 /* DeckDetailView.swift in Sources */,
				F2155CD7F2784EEBAA72E7B2 /* DeckLibraryView.swift in Sources */,
				2AA4C9E9DC33408298FC4574 /* LiveMatchView.swift in Sources */,
				A42CC201C7BE42EC86D73050 /* SettingsView.swift in Sources */,
				18ACC328009C4D18B16B522C /* StatsView.swift in Sources */,
			);
			runOnlyForDeploymentPostprocessing = 0;
		};
		257C27A8EA8344778A2E7B3A /* Resources */ = {
			isa = PBXResourcesBuildPhase;
			buildActionMask = 2147483647;
			files = (
			);
			runOnlyForDeploymentPostprocessing = 0;
		};
		EB70891D705447AA84E7FC82 /* HearthstoneTracker */ = {
			isa = PBXNativeTarget;
			buildConfigurationList = B0950449FFA746E0959A3408 /* Build configuration list for PBXNativeTarget "HearthstoneTracker" */;
			buildPhases = (
				5ABD2992F4C64BE8B514A6BA /* Sources */,
				257C27A8EA8344778A2E7B3A /* Resources */,
			);
			buildRules = (
			);
			dependencies = (
			);
			name = HearthstoneTracker;
			productName = HearthstoneTracker;
			productReference = BEB9DC8B32D647AD8E668E9F /* HearthstoneTracker.app */;
			productType = "com.apple.product-type.application";
		};
		90716A303B3F49408374FD8E /* Debug */ = {
			isa = XCBuildConfiguration;
			buildSettings = {
				ALWAYS_SEARCH_USER_PATHS = NO;
				CLANG_ENABLE_MODULES = YES;
				CODE_SIGN_STYLE = Automatic;
				IPHONEOS_DEPLOYMENT_TARGET = 17.0;
				LD_RUNPATH_SEARCH_PATHS = "$(inherited) @executable_path/Frameworks";
				PRODUCT_BUNDLE_IDENTIFIER = com.hearthstonetracker.ios;
				PRODUCT_NAME = "$(TARGET_NAME)";
				SWIFT_VERSION = 5.0;
				TARGETED_DEVICE_FAMILY = 1,2;
			};
			name = Debug;
		};
		9603F25DA741442295C85B1A /* Release */ = {
			isa = XCBuildConfiguration;
			buildSettings = {
				ALWAYS_SEARCH_USER_PATHS = NO;
				CLANG_ENABLE_MODULES = YES;
				IPHONEOS_DEPLOYMENT_TARGET = 17.0;
				LD_RUNPATH_SEARCH_PATHS = "$(inherited) @executable_path/Frameworks";
				PRODUCT_BUNDLE_IDENTIFIER = com.hearthstonetracker.ios;
				PRODUCT_NAME = "$(TARGET_NAME)";
				SWIFT_VERSION = 5.0;
				TARGETED_DEVICE_FAMILY = 1,2;
			};
			name = Release;
		};
		6F05DAA97794493A9F0AC688 /* Debug */ = {
			isa = XCBuildConfiguration;
			buildSettings = {
				ASSETCATALOG_COMPILER_APPICON_NAME = AppIcon;
				ASSETCATALOG_COMPILER_GLOBAL_ACCENT_COLOR_NAME = AccentColor;
				CODE_SIGN_STYLE = Automatic;
				CURRENT_PROJECT_VERSION = 1;
				GENERATE_INFOPLIST_FILE = NO;
				INFOPLIST_FILE = HearthstoneTracker-iOS/Info.plist;
				IPHONEOS_DEPLOYMENT_TARGET = 17.0;
				LD_RUNPATH_SEARCH_PATHS = "$(inherited) @executable_path/Frameworks";
				MARKETING_VERSION = 1.0.0;
				PRODUCT_BUNDLE_IDENTIFIER = com.hearthstonetracker.ios;
				PRODUCT_NAME = "$(TARGET_NAME)";
				SWIFT_ACTIVE_COMPILATION_CONDITIONS = DEBUG;
				SWIFT_VERSION = 5.0;
				TARGETED_DEVICE_FAMILY = 1,2;
			};
			name = Debug;
		};
		4E31FD3A9757464088A31D44 /* Release */ = {
			isa = XCBuildConfiguration;
			buildSettings = {
				ASSETCATALOG_COMPILER_APPICON_NAME = AppIcon;
				ASSETCATALOG_COMPILER_GLOBAL_ACCENT_COLOR_NAME = AccentColor;
				CODE_SIGN_STYLE = Automatic;
				CURRENT_PROJECT_VERSION = 1;
				GENERATE_INFOPLIST_FILE = NO;
				INFOPLIST_FILE = HearthstoneTracker-iOS/Info.plist;
				IPHONEOS_DEPLOYMENT_TARGET = 17.0;
				LD_RUNPATH_SEARCH_PATHS = "$(inherited) @executable_path/Frameworks";
				MARKETING_VERSION = 1.0.0;
				PRODUCT_BUNDLE_IDENTIFIER = com.hearthstonetracker.ios;
				PRODUCT_NAME = "$(TARGET_NAME)";
				SWIFT_VERSION = 5.0;
				TARGETED_DEVICE_FAMILY = 1,2;
			};
			name = Release;
		};
		E71D6A86EC23417FBF3722E2 /* Build configuration list for PBXProject "HearthstoneTracker" */ = {
			isa = XCConfigurationList;
			buildConfigurations = (
				90716A303B3F49408374FD8E /* Debug */,
				9603F25DA741442295C85B1A /* Release */,
			);
			defaultConfigurationIsVisible = 0;
			defaultConfigurationName = Release;
		};
		B0950449FFA746E0959A3408 /* Build configuration list for PBXNativeTarget "HearthstoneTracker" */ = {
			isa = XCConfigurationList;
			buildConfigurations = (
				6F05DAA97794493A9F0AC688 /* Debug */,
				4E31FD3A9757464088A31D44 /* Release */,
			);
			defaultConfigurationIsVisible = 0;
			defaultConfigurationName = Release;
		};
		95A2C998BE1742F49C6CBCE5 /* Project object */ = {
			isa = PBXProject;
			attributes = {
				BuildIndependentTargetsInParallel = 1;
				LastSwiftUpdateCheck = 2605;
				LastUpgradeCheck = 2605;
			};
			buildConfigurationList = E71D6A86EC23417FBF3722E2 /* Build configuration list for PBXProject "HearthstoneTracker" */;
			compatibilityVersion = "Xcode 14.0";
			developmentRegion = "zh-Hans";
			hasScannedForEncodings = 0;
			knownRegions = (
				"zh-Hans",
				en,
				Base,
			);
			mainGroup = 73BF87B782D840DFBBA513CA;
			productRefGroup = 362A2B0EAF404E6AA50DC236 /* HearthstoneTracker-iOS */;
			projectDirPath = "";
			projectRoot = "";
			targets = (
				EB70891D705447AA84E7FC82 /* HearthstoneTracker */,
			);
		};
	};
	rootObject = 95A2C998BE1742F49C6CBCE5 /* Project object */;
}